
Microsoft Visual Studio Solution File, Format Version 12.00
# Visual Studio 15
VisualStudioVersion = 15.0.27004.2010
MinimumVisualStudioVersion = 10.0.40219.1
Project("{FAE04EC0-301F-11D3-BF4B-00C04F79EFBC}") = "ContosoUniversity", "ContosoUniversity\ContosoUniversity.csproj", "{B75326D0-66ED-4FF1-AD4A-3CAD41376764}"
EndProject
Project("{FAE04EC0-301F-11D3-BF4B-00C04F79EFBC}") = "UnitTests", "UnitTests\UnitTests.csproj", "{F8615F0A-524D-4FF0-AA30-21B8347EDA3D}"
EndProject
Global
	GlobalSection(SolutionConfigurationPlatforms) = preSolution
		Debug|Any CPU = Debug|Any CPU
		Release|Any CPU = Release|Any CPU
	EndGlobalSection
	GlobalSection(ProjectConfigurationPlatforms) = postSolution
		{B75326D0-66ED-4FF1-AD4A-3CAD41376764}.Debug|Any CPU.ActiveCfg = Debug|Any CPU
		{B75326D0-66ED-4FF1-AD4A-3CAD41376764}.Debug|Any CPU.Build.0 = Debug|Any CPU
		{B75326D0-66ED-4FF1-AD4A-3CAD41376764}.Release|Any CPU.ActiveCfg = Release|Any CPU
		{B75326D0-66ED-4FF1-AD4A-3CAD41376764}.Release|Any CPU.Build.0 = Release|Any CPU
		{F8615F0A-524D-4FF0-AA30-21B8347EDA3D}.Debug|Any CPU.ActiveCfg = Debug|Any CPU
		{F8615F0A-524D-4FF0-AA30-21B8347EDA3D}.Debug|Any CPU.Build.0 = Debug|Any CPU
		{F8615F0A-524D-4FF0-AA30-21B8347EDA3D}.Release|Any CPU.ActiveCfg = Release|Any CPU
		{F8615F0A-524D-4FF0-AA30-21B8347EDA3D}.Release|Any CPU.Build.0 = Release|Any CPU
	EndGlobalSection
	GlobalSection(SolutionProperties) = preSolution
		HideSolutionNode = FALSE
	EndGlobalSection
	GlobalSection(ExtensibilityGlobals) = postSolution
		SolutionGuid = {31B9D364-E027-4C5A-9360-B62BB1249D42}
	EndGlobalSection
EndGlobal
